google.golang.org/genproto v0.0.0-20250212204824-5a70512c5d8b h1:TdBaFxGAABTI8sz9jYHPtjje677pS4XXup9vJMlj8hQ=
google.golang.org/genproto v0.0.0-20250212204824-5a70512c5d8b/go.mod h1:0TrvLFkilZy+XULmuoWfiTbTRXLWXJ1S44jQTW3lWwE=
google.golang.org/protobuf v1.36.5 h1:tPhr+woSbjfYvY6/GPufUoYizxw1cF/yFoxJ2fmpwlM=
google.golang.org/protobuf v1.36.5/go.mod h1:9fA7Ob0pmnwhb644+1+CVWFRbNajQ6iRojtC/QF5bRE=
